version: 3
metadata:
  content_hash:
    linux-64: e90c2ee71ad70fc0a1c8302029533a7d1498f2bffcd0eaa8d2934700e775dc1d
  channels:
  - url: https://conda.anaconda.org/conda-forge/
    used_env_vars: []
  platforms:
  - linux-64
  sources: []
  time_metadata: null
  git_metadata: null
  inputs_metadata: null
  custom_metadata: null
package:
- platform: linux-64
  name: _libgcc_mutex
  version: '0.1'
  category: main
  manager: conda
  dependencies: []
  url: https://conda.anaconda.org/conda-forge/linux-64/_libgcc_mutex-0.1-conda_forge.tar.bz2
  hash:
    md5: d7c89558ba9fa0495403155b64376d81
    sha256: fe51de6107f9edc7aa4f786a70f4a883943bc9d39b3bb7307c04c41410990726
  build: conda_forge
  arch: x86_64
  subdir: linux-64
  build_number: 0
  license: None
  size: 2562
  timestamp: 1578324546067
- platform: linux-64
  name: _openmp_mutex
  version: '4.5'
  category: main
  manager: conda
  dependencies:
  - _libgcc_mutex 0.1 conda_forge
  - libgomp >=7.5.0
  url: https://conda.anaconda.org/conda-forge/linux-64/_openmp_mutex-4.5-2_gnu.tar.bz2
  hash:
    md5: 73aaf86a425cc6e73fcf236a5a46396d
    sha256: fbe2c5e56a653bebb982eda4876a9178aedfc2b545f25d0ce9c4c0b508253d22
  build: 2_gnu
  arch: x86_64
  subdir: linux-64
  build_number: 16
  constrains:
  - openmp_impl 9999
  license: BSD-3-Clause
  license_family: BSD
  size: 23621
  timestamp: 1650670423406
- platform: linux-64
  name: altair
  version: 5.2.0
  category: main
  manager: conda
  dependencies:
  - importlib-metadata
  - jinja2
  - jsonschema >=3.0
  - numpy
  - packaging
  - pandas >=0.25
  - python >=3.8
  - toolz
  - typing-extensions >=4.0.1
  url: https://conda.anaconda.org/conda-forge/noarch/altair-5.2.0-pyhd8ed1ab_0.conda
  hash:
    md5: 2521e261fff0b285be099322cf557a7c
    sha256: 9fbaf9d1d8b3c8b5649a36c27311d2a1ad4874ac69b2f8b77bb45989e1d0042d
  build: pyhd8ed1ab_0
  arch: x86_64
  subdir: linux-64
  build_number: 0
  license: BSD-3-Clause
  license_family: BSD
  noarch: python
  size: 457454
  timestamp: 1701735672437
  purls:
  - pkg:pypi/altair
- platform: linux-64
  name: attrs
  version: 23.2.0
  category: main
  manager: conda
  dependencies:
  - python >=3.7
  url: https://conda.anaconda.org/conda-forge/noarch/attrs-23.2.0-pyh71513ae_0.conda
  hash:
    md5: 5e4c0743c70186509d1412e03c2d8dfa
    sha256: 77c7d03bdb243a048fff398cedc74327b7dc79169ebe3b4c8448b0331ea55fea
  build: pyh71513ae_0
  arch: x86_64
  subdir: linux-64
  build_number: 0
  license: MIT
  license_family: MIT
  noarch: python
  size: 54582
  timestamp: 1704011393776
  purls:
  - pkg:pypi/attrs
- platform: linux-64
  name: bzip2
  version: 1.0.8
  category: main
  manager: conda
  dependencies:
  - libgcc-ng >=12
  url: https://conda.anaconda.org/conda-forge/linux-64/bzip2-1.0.8-hd590300_5.conda
  hash:
    md5: 69b8b6202a07720f448be700e300ccf4
    sha256: 242c0c324507ee172c0e0dd2045814e746bb303d1eb78870d182ceb0abc726a8
  build: hd590300_5
  arch: x86_64
  subdir: linux-64
  build_number: 5
  license: bzip2-1.0.6
  license_family: BSD
  size: 254228
  timestamp: 1699279927352
- platform: linux-64
  name: ca-certificates
  version: 2023.11.17
  category: main
  manager: conda
  dependencies: []
  url: https://conda.anaconda.org/conda-forge/linux-64/ca-certificates-2023.11.17-hbcca054_0.conda
  hash:
    md5: 01ffc8d36f9eba0ce0b3c1955fa780ee
    sha256: fb4b9f4b7d885002db0b93e22f44b5b03791ef3d4efdc9d0662185a0faafd6b6
  build: hbcca054_0
  arch: x86_64
  subdir: linux-64
  build_number: 0
  license: ISC
  size: 154117
  timestamp: 1700280881924
- platform: linux-64
  name: importlib-metadata
  version: 7.0.1
  category: main
  manager: conda
  dependencies:
  - python >=3.8
  - zipp >=0.5
  url: https://conda.anaconda.org/conda-forge/noarch/importlib-metadata-7.0.1-pyha770c72_0.conda
  hash:
    md5: 746623a787e06191d80a2133e5daff17
    sha256: e72d05f171f4567004c9360a838e9d5df21e23dcfeb945066b53a6e5f754b861
  build: pyha770c72_0
  arch: x86_64
  subdir: linux-64
  build_number: 0
  license: Apache-2.0
  license_family: APACHE
  noarch: python
  size: 26450
  timestamp: 1703269427097
- platform: linux-64
  name: importlib_resources
  version: 6.1.1
  category: main
  manager: conda
  dependencies:
  - python >=3.8
  - zipp >=3.1.0
  url: https://conda.anaconda.org/conda-forge/noarch/importlib_resources-6.1.1-pyhd8ed1ab_0.conda
  hash:
    md5: 3d5fa25cf42f3f32a12b2d874ace8574
    sha256: e584f9ae08fb2d242af0ce7e19e3cd2f85f362d8523119e08f99edb962db99ed
  build: pyhd8ed1ab_0
  arch: x86_64
  subdir: linux-64
  build_number: 0
  constrains:
  - importlib-resources >=6.1.1,<6.1.2.0a0
  license: Apache-2.0
  license_family: APACHE
  noarch: python
  size: 29951
  timestamp: 1699364734111
  purls:
  - pkg:pypi/importlib-resources
- platform: linux-64
  name: jinja2
  version: 3.1.2
  category: main
  manager: conda
  dependencies:
  - markupsafe >=2.0
  - python >=3.7
  url: https://conda.anaconda.org/conda-forge/noarch/jinja2-3.1.2-pyhd8ed1ab_1.tar.bz2
  hash:
    md5: c8490ed5c70966d232fdd389d0dbed37
    sha256: b045faba7130ab263db6a8fdc96b1a3de5fcf85c4a607c5f11a49e76851500b5
  build: pyhd8ed1ab_1
  arch: x86_64
  subdir: linux-64
  build_number: 1
  license: BSD-3-Clause
  license_family: BSD
  noarch: python
  size: 101443
  timestamp: 1654302514195
  purls:
  - pkg:pypi/jinja2
- platform: linux-64
  name: jsonschema
  version: 4.20.0
  category: main
  manager: conda
  dependencies:
  - attrs >=22.2.0
  - importlib_resources >=1.4.0
  - jsonschema-specifications >=2023.03.6
  - pkgutil-resolve-name >=1.3.10
  - python >=3.8
  - referencing >=0.28.4
  - rpds-py >=0.7.1
  url: https://conda.anaconda.org/conda-forge/noarch/jsonschema-4.20.0-pyhd8ed1ab_0.conda
  hash:
    md5: 1116d79def5268414fb0917520b2bbf1
    sha256: 77aae609097d06deedb8ef8407a44b23d5fef95962ba6fe1c959ac7bd6195296
  build: pyhd8ed1ab_0
  arch: x86_64
  subdir: linux-64
  build_number: 0
  license: MIT
  license_family: MIT
  noarch: python
  size: 71908
  timestamp: 1700160056678
- platform: linux-64
  name: jsonschema-specifications
  version: 2023.12.1
  category: main
  manager: conda
  dependencies:
  - importlib_resources >=1.4.0
  - python >=3.8
  - referencing >=0.31.0
  url: https://conda.anaconda.org/conda-forge/noarch/jsonschema-specifications-2023.12.1-pyhd8ed1ab_0.conda
  hash:
    md5: a0e4efb5f35786a05af4809a2fb1f855
    sha256: a9630556ddc3121c0be32f4cbf792dd9102bd380d5cd81d57759d172cf0c2da2
  build: pyhd8ed1ab_0
  arch: x86_64
  subdir: linux-64
  build_number: 0
  license: MIT
  license_family: MIT
  noarch: python
  size: 16431
  timestamp: 1703778502971
  purls:
  - pkg:pypi/jsonschema-specifications
- platform: linux-64
  name: ld_impl_linux-64
  version: '2.40'
  category: main
  manager: conda
  dependencies: []
  url: https://conda.anaconda.org/conda-forge/linux-64/ld_impl_linux-64-2.40-h41732ed_0.conda
  hash:
    md5: 7aca3059a1729aa76c597603f10b0dd3
    sha256: f6cc89d887555912d6c61b295d398cff9ec982a3417d38025c45d5dd9b9e79cd
  build: h41732ed_0
  arch: x86_64
  subdir: linux-64
  build_number: 0
  constrains:
  - binutils_impl_linux-64 2.40
  license: GPL-3.0-only
  license_family: GPL
  size: 704696
  timestamp: 1674833944779
- platform: linux-64
  name: libblas
  version: 3.9.0
  category: main
  manager: conda
  dependencies:
  - libopenblas >=0.3.25,<0.3.26.0a0
  - libopenblas >=0.3.25,<1.0a0
  url: https://conda.anaconda.org/conda-forge/linux-64/libblas-3.9.0-20_linux64_openblas.conda
  hash:
    md5: 2b7bb4f7562c8cf334fc2e20c2d28abc
    sha256: 8a0ee1de693a9b3da4a11b95ec81b40dd434bd01fa1f5f38f8268cd2146bf8f0
  build: 20_linux64_openblas
  arch: x86_64
  subdir: linux-64
  build_number: 20
  constrains:
  - liblapacke 3.9.0 20_linux64_openblas
  - libcblas 3.9.0 20_linux64_openblas
  - blas * openblas
  - liblapack 3.9.0 20_linux64_openblas
  license: BSD-3-Clause
  license_family: BSD
  size: 14433
  timestamp: 1700568383457
- platform: linux-64
  name: libcblas
  version: 3.9.0
  category: main
  manager: conda
  dependencies:
  - libblas 3.9.0 20_linux64_openblas
  url: https://conda.anaconda.org/conda-forge/linux-64/libcblas-3.9.0-20_linux64_openblas.conda
  hash:
    md5: 36d486d72ab64ffea932329a1d3729a3
    sha256: 0e34fb0f82262f02fcb279ab4a1db8d50875dc98e3019452f8f387e6bf3c0247
  build: 20_linux64_openblas
  arch: x86_64
  subdir: linux-64
  build_number: 20
  constrains:
  - liblapacke 3.9.0 20_linux64_openblas
  - blas * openblas
  - liblapack 3.9.0 20_linux64_openblas
  license: BSD-3-Clause
  license_family: BSD
  size: 14383
  timestamp: 1700568410580
- platform: linux-64
  name: libexpat
  version: 2.5.0
  category: main
  manager: conda
  dependencies:
  - libgcc-ng >=12
  url: https://conda.anaconda.org/conda-forge/linux-64/libexpat-2.5.0-hcb278e6_1.conda
  hash:
    md5: 6305a3dd2752c76335295da4e581f2fd
    sha256: 74c98a563777ae2ad71f1f74d458a8ab043cee4a513467c159ccf159d0e461f3
  build: hcb278e6_1
  arch: x86_64
  subdir: linux-64
  build_number: 1
  constrains:
  - expat 2.5.0.*
  license: MIT
  license_family: MIT
  size: 77980
  timestamp: 1680190528313
- platform: linux-64
  name: libffi
  version: 3.4.2
  category: main
  manager: conda
  dependencies:
  - libgcc-ng >=9.4.0
  url: https://conda.anaconda.org/conda-forge/linux-64/libffi-3.4.2-h7f98852_5.tar.bz2
  hash:
    md5: d645c6d2ac96843a2bfaccd2d62b3ac3
    sha256: ab6e9856c21709b7b517e940ae7028ae0737546122f83c2aa5d692860c3b149e
  build: h7f98852_5
  arch: x86_64
  subdir: linux-64
  build_number: 5
  license: MIT
  license_family: MIT
  size: 58292
  timestamp: 1636488182923
- platform: linux-64
  name: libgcc-ng
  version: 13.2.0
  category: main
  manager: conda
  dependencies:
  - _libgcc_mutex 0.1 conda_forge
  - _openmp_mutex >=4.5
  url: https://conda.anaconda.org/conda-forge/linux-64/libgcc-ng-13.2.0-h807b86a_3.conda
  hash:
    md5: 23fdf1fef05baeb7eadc2aed5fb0011f
    sha256: 5e88f658e07a30ab41b154b42c59f079b168acfa9551a75bdc972099453f4105
  build: h807b86a_3
  arch: x86_64
  subdir: linux-64
  build_number: 3
  constrains:
  - libgomp 13.2.0 h807b86a_3
  license: GPL-3.0-only WITH GCC-exception-3.1
  license_family: GPL
  size: 773629
  timestamp: 1699753612541
- platform: linux-64
  name: libgfortran-ng
  version: 13.2.0
  category: main
  manager: conda
  dependencies:
  - libgfortran5 13.2.0 ha4646dd_3
  url: https://conda.anaconda.org/conda-forge/linux-64/libgfortran-ng-13.2.0-h69a702a_3.conda
  hash:
    md5: 73031c79546ad06f1fe62e57fdd021bc
    sha256: 5b918950b84605b6865de438757f507b1eff73c96fd562f7022c80028b088c14
  build: h69a702a_3
  arch: x86_64
  subdir: linux-64
  build_number: 3
  license: GPL-3.0-only WITH GCC-exception-3.1
  license_family: GPL
  size: 23837
  timestamp: 1699753845201
- platform: linux-64
  name: libgfortran5
  version: 13.2.0
  category: main
  manager: conda
  dependencies:
  - libgcc-ng >=13.2.0
  url: https://conda.anaconda.org/conda-forge/linux-64/libgfortran5-13.2.0-ha4646dd_3.conda
  hash:
    md5: c714d905cdfa0e70200f68b80cc04764
    sha256: 0084a1d29a4f8ee3b8edad80eb6c42e5f0480f054f28cf713fb314bebb347a50
  build: ha4646dd_3
  arch: x86_64
  subdir: linux-64
  build_number: 3
  constrains:
  - libgfortran-ng 13.2.0
  license: GPL-3.0-only WITH GCC-exception-3.1
  license_family: GPL
  size: 1436929
  timestamp: 1699753630186
- platform: linux-64
  name: libgomp
  version: 13.2.0
  category: main
  manager: conda
  dependencies:
  - _libgcc_mutex 0.1 conda_forge
  url: https://conda.anaconda.org/conda-forge/linux-64/libgomp-13.2.0-h807b86a_3.conda
  hash:
    md5: 7124cbb46b13d395bdde68f2d215c989
    sha256: 6ebedee39b6bbbc969715d0d7fa4b381cce67e1139862604ffa393f821c08e81
  build: h807b86a_3
  arch: x86_64
  subdir: linux-64
  build_number: 3
  license: GPL-3.0-only WITH GCC-exception-3.1
  license_family: GPL
  size: 421834
  timestamp: 1699753531479
- platform: linux-64
  name: liblapack
  version: 3.9.0
  category: main
  manager: conda
  dependencies:
  - libblas 3.9.0 20_linux64_openblas
  url: https://conda.anaconda.org/conda-forge/linux-64/liblapack-3.9.0-20_linux64_openblas.conda
  hash:
    md5: 6fabc51f5e647d09cc010c40061557e0
    sha256: ad7745b8d0f2ccb9c3ba7aaa7167d62fc9f02e45eb67172ae5f0dfb5a3b1a2cc
  build: 20_linux64_openblas
  arch: x86_64
  subdir: linux-64
  build_number: 20
  constrains:
  - liblapacke 3.9.0 20_linux64_openblas
  - libcblas 3.9.0 20_linux64_openblas
  - blas * openblas
  license: BSD-3-Clause
  license_family: BSD
  size: 14350
  timestamp: 1700568424034
- platform: linux-64
  name: libnsl
  version: 2.0.1
  category: main
  manager: conda
  dependencies:
  - libgcc-ng >=12
  url: https://conda.anaconda.org/conda-forge/linux-64/libnsl-2.0.1-hd590300_0.conda
  hash:
    md5: 30fd6e37fe21f86f4bd26d6ee73eeec7
    sha256: 26d77a3bb4dceeedc2a41bd688564fe71bf2d149fdcf117049970bc02ff1add6
  build: hd590300_0
  arch: x86_64
  subdir: linux-64
  build_number: 0
  license: LGPL-2.1-only
  license_family: GPL
  size: 33408
  timestamp: 1697359010159
- platform: linux-64
  name: libopenblas
  version: 0.3.25
  category: main
  manager: conda
  dependencies:
  - libgcc-ng >=12
  - libgfortran-ng
  - libgfortran5 >=12.3.0
  url: https://conda.anaconda.org/conda-forge/linux-64/libopenblas-0.3.25-pthreads_h413a1c8_0.conda
  hash:
    md5: d172b34a443b95f86089e8229ddc9a17
    sha256: 628564517895ee1b09cf72c817548bd80ef1acce6a8214a8520d9f7b44c4cfaf
  build: pthreads_h413a1c8_0
  arch: x86_64
  subdir: linux-64
  build_number: 0
  constrains:
  - openblas >=0.3.25,<0.3.26.0a0
  license: BSD-3-Clause
  license_family: BSD
  size: 5545169
  timestamp: 1700536004164
- platform: linux-64
  name: libsqlite
  version: 3.44.2
  category: main
  manager: conda
  dependencies:
  - libgcc-ng >=12
  - libzlib >=1.2.13,<1.3.0a0
  url: https://conda.anaconda.org/conda-forge/linux-64/libsqlite-3.44.2-h2797004_0.conda
  hash:
    md5: 3b6a9f225c3dbe0d24f4fedd4625c5bf
    sha256: ee2c4d724a3ed60d5b458864d66122fb84c6ce1df62f735f90d8db17b66cd88a
  build: h2797004_0
  arch: x86_64
  subdir: linux-64
  build_number: 0
  license: Unlicense
  size: 845830
  timestamp: 1700863204572
- platform: linux-64
  name: libstdcxx-ng
  version: 13.2.0
  category: main
  manager: conda
  dependencies: []
  url: https://conda.anaconda.org/conda-forge/linux-64/libstdcxx-ng-13.2.0-h7e041cc_3.conda
  hash:
    md5: 937eaed008f6bf2191c5fe76f87755e9
    sha256: 6c6c49efedcc5709a66f19fb6b26b69c6a5245310fd1d9a901fd5e38aaf7f882
  build: h7e041cc_3
  arch: x86_64
  subdir: linux-64
  build_number: 3
  license: GPL-3.0-only WITH GCC-exception-3.1
  license_family: GPL
  size: 3842940
  timestamp: 1699753676253
- platform: linux-64
  name: libuuid
  version: 2.38.1
  category: main
  manager: conda
  dependencies:
  - libgcc-ng >=12
  url: https://conda.anaconda.org/conda-forge/linux-64/libuuid-2.38.1-h0b41bf4_0.conda
  hash:
    md5: 40b61aab5c7ba9ff276c41cfffe6b80b
    sha256: 787eb542f055a2b3de553614b25f09eefb0a0931b0c87dbcce6efdfd92f04f18
  build: h0b41bf4_0
  arch: x86_64
  subdir: linux-64
  build_number: 0
  license: BSD-3-Clause
  license_family: BSD
  size: 33601
  timestamp: 1680112270483
- platform: linux-64
  name: libxcrypt
  version: 4.4.36
  category: main
  manager: conda
  dependencies:
  - libgcc-ng >=12
  url: https://conda.anaconda.org/conda-forge/linux-64/libxcrypt-4.4.36-hd590300_1.conda
  hash:
    md5: 5aa797f8787fe7a17d1b0821485b5adc
    sha256: 6ae68e0b86423ef188196fff6207ed0c8195dd84273cb5623b85aa08033a410c
  build: hd590300_1
  arch: x86_64
  subdir: linux-64
  build_number: 1
  license: LGPL-2.1-or-later
  size: 100393
  timestamp: 1702724383534
- platform: linux-64
  name: libzlib
  version: 1.2.13
  category: main
  manager: conda
  dependencies:
  - libgcc-ng >=12
  url: https://conda.anaconda.org/conda-forge/linux-64/libzlib-1.2.13-hd590300_5.conda
  hash:
    md5: f36c115f1ee199da648e0597ec2047ad
    sha256: 370c7c5893b737596fd6ca0d9190c9715d89d888b8c88537ae1ef168c25e82e4
  build: hd590300_5
  arch: x86_64
  subdir: linux-64
  build_number: 5
  constrains:
  - zlib 1.2.13 *_5
  license: Zlib
  license_family: Other
  size: 61588
  timestamp: 1686575217516
- platform: linux-64
  name: markupsafe
  version: 2.1.3
  category: main
  manager: conda
  dependencies:
  - libgcc-ng >=12
  - python >=3.12.0rc3,<3.13.0a0
  - python_abi 3.12.* *_cp312
  url: https://conda.anaconda.org/conda-forge/linux-64/markupsafe-2.1.3-py312h98912ed_1.conda
  hash:
    md5: 79d118a8f1da01773dd5b334af5ce8d4
    sha256: 2da8fc396399cd3dec8e1464d6b592adca0498e353dc3cdfac34f7eb563956c9
  build: py312h98912ed_1
  arch: x86_64
  subdir: linux-64
  build_number: 1
  constrains:
  - jinja2 >=3.0.0
  license: BSD-3-Clause
  license_family: BSD
  size: 26655
  timestamp: 1695367675021
  purls:
  - pkg:pypi/markupsafe
- platform: linux-64
  name: mypy
  version: 1.8.0
  category: main
  manager: conda
  dependencies:
  - libgcc-ng >=12
  - mypy_extensions >=1.0.0
  - psutil >=4.0
  - python >=3.12,<3.13.0a0
  - python_abi 3.12.* *_cp312
  - typing_extensions >=4.1.0
  url: https://conda.anaconda.org/conda-forge/linux-64/mypy-1.8.0-py312h98912ed_0.conda
  hash:
    md5: fc225016708138b1895e09511ca7adcc
    sha256: 7c81ce75a70c44e198ba679a2235a9dc40cbeca90bb008aab65d4579ccc33e02
  build: py312h98912ed_0
  arch: x86_64
  subdir: linux-64
  build_number: 0
  license: MIT
  license_family: MIT
  size: 16309020
  timestamp: 1703185079635
- platform: linux-64
  name: mypy_extensions
  version: 1.0.0
  category: main
  manager: conda
  dependencies:
  - python >=3.5
  url: https://conda.anaconda.org/conda-forge/noarch/mypy_extensions-1.0.0-pyha770c72_0.conda
  hash:
    md5: 4eccaeba205f0aed9ac3a9ea58568ca3
    sha256: f240217476e148e825420c6bc3a0c0efb08c0718b7042fae960400c02af858a3
  build: pyha770c72_0
  arch: x86_64
  subdir: linux-64
  build_number: 0
  license: MIT
  license_family: MIT
  noarch: python
  size: 10492
  timestamp: 1675543414256
  purls:
  - pkg:pypi/mypy-extensions
- platform: linux-64
  name: ncurses
  version: '6.4'
  category: main
  manager: conda
  dependencies:
  - libgcc-ng >=12
  url: https://conda.anaconda.org/conda-forge/linux-64/ncurses-6.4-h59595ed_2.conda
  hash:
    md5: 7dbaa197d7ba6032caf7ae7f32c1efa0
    sha256: 91cc03f14caf96243cead96c76fe91ab5925a695d892e83285461fb927dece5e
  build: h59595ed_2
  arch: x86_64
  subdir: linux-64
  build_number: 2
  license: X11 AND BSD-3-Clause
  size: 884434
  timestamp: 1698751260967
- platform: linux-64
  name: numpy
  version: 1.26.3
  category: main
  manager: conda
  dependencies:
  - libblas >=3.9.0,<4.0a0
  - libcblas >=3.9.0,<4.0a0
  - libgcc-ng >=12
  - liblapack >=3.9.0,<4.0a0
  - libstdcxx-ng >=12
  - python >=3.12,<3.13.0a0
  - python_abi 3.12.* *_cp312
  url: https://conda.anaconda.org/conda-forge/linux-64/numpy-1.26.3-py312heda63a1_0.conda
  hash:
    md5: 8b63634568b70ed9110f4d03dca20988
    sha256: 6390aadc421c1059f8361d11e9127eb5b6ea38bda74d27abc696536f4bbb12b0
  build: py312heda63a1_0
  arch: x86_64
  subdir: linux-64
  build_number: 0
  constrains:
  - numpy-base <0a0
  license: BSD-3-Clause
  license_family: BSD
  size: 7491807
  timestamp: 1704280741972
  purls:
  - pkg:pypi/numpy
- platform: linux-64
  name: openssl
  version: 3.2.0
  category: main
  manager: conda
  dependencies:
  - ca-certificates
  - libgcc-ng >=12
  url: https://conda.anaconda.org/conda-forge/linux-64/openssl-3.2.0-hd590300_1.conda
  hash:
    md5: 603827b39ea2b835268adb8c821b8570
    sha256: 80efc6f429bd8e622d999652e5cba2ca56fcdb9c16a439d2ce9b4313116e4a87
  build: hd590300_1
  arch: x86_64
  subdir: linux-64
  build_number: 1
  constrains:
  - pyopenssl >=22.1
  license: Apache-2.0
  license_family: Apache
  size: 2854103
  timestamp: 1701162437033
- platform: linux-64
  name: packaging
  version: '23.2'
  category: main
  manager: conda
  dependencies:
  - python >=3.7
  url: https://conda.anaconda.org/conda-forge/noarch/packaging-23.2-pyhd8ed1ab_0.conda
  hash:
    md5: 79002079284aa895f883c6b7f3f88fd6
    sha256: 69b3ace6cca2dab9047b2c24926077d81d236bef45329d264b394001e3c3e52f
  build: pyhd8ed1ab_0
  arch: x86_64
  subdir: linux-64
  build_number: 0
  license: Apache-2.0
  license_family: APACHE
  noarch: python
  size: 49452
  timestamp: 1696202521121
  purls:
  - pkg:pypi/packaging
- platform: linux-64
  name: pandas
  version: 2.1.4
  category: main
  manager: conda
  dependencies:
  - libgcc-ng >=12
  - libstdcxx-ng >=12
  - numpy >=1.26.2,<2.0a0
  - python >=3.12,<3.13.0a0
  - python-dateutil >=2.8.1
  - python-tzdata >=2022a
  - python_abi 3.12.* *_cp312
  - pytz >=2020.1
  url: https://conda.anaconda.org/conda-forge/linux-64/pandas-2.1.4-py312hfb8ada1_0.conda
  hash:
    md5: d0745ae74c2b26571b692ddde112eebb
    sha256: 6001697a26c9e6eab57bb1b545a634bf249b19184ffede725abe231466e6efb3
  build: py312hfb8ada1_0
  arch: x86_64
  subdir: linux-64
  build_number: 0
  license: BSD-3-Clause
  license_family: BSD
  size: 14679642
  timestamp: 1702057691853
- platform: linux-64
  name: pkgutil-resolve-name
  version: 1.3.10
  category: main
  manager: conda
  dependencies:
  - python >=3.6
  url: https://conda.anaconda.org/conda-forge/noarch/pkgutil-resolve-name-1.3.10-pyhd8ed1ab_1.conda
  hash:
    md5: 405678b942f2481cecdb3e010f4925d9
    sha256: fecf95377134b0e8944762d92ecf7b0149c07d8186fb5db583125a2705c7ea0a
  build: pyhd8ed1ab_1
  arch: x86_64
  subdir: linux-64
  build_number: 1
  license: MIT AND PSF-2.0
  noarch: python
  size: 10778
  timestamp: 1694617398467
  purls:
  - pkg:pypi/pkgutil-resolve-name
- platform: linux-64
  name: polars
  version: 0.20.3
  category: main
  manager: conda
  dependencies:
  - libgcc-ng >=12
  - numpy >=1.16.0
  - packaging
  - python >=3.12,<3.13.0a0
  - python_abi 3.12.* *_cp312
  url: https://conda.anaconda.org/conda-forge/linux-64/polars-0.20.3-py312hfa2e56e_1.conda
  hash:
    md5: e7e7e70aca77cd273d57bcec91b92fb8
    sha256: 2cf1a030f20381fb381bec375bf05a7db02852451e012c12b37f4cc6034fcc94
  build: py312hfa2e56e_1
  arch: x86_64
  subdir: linux-64
  build_number: 1
  license: MIT
  license_family: MIT
  size: 20310606
  timestamp: 1704558451062
- platform: linux-64
  name: psutil
  version: 5.9.7
  category: main
  manager: conda
  dependencies:
  - libgcc-ng >=12
  - python >=3.12,<3.13.0a0
  - python_abi 3.12.* *_cp312
  url: https://conda.anaconda.org/conda-forge/linux-64/psutil-5.9.7-py312h98912ed_0.conda
  hash:
    md5: d71f3da7af0afaad8b8b8ef07cda533d
    sha256: 52e686d86018a5858fc1e47def35c9f5d7bf28e5f2ba84120cc4112ae8cfd54b
  build: py312h98912ed_0
  arch: x86_64
  subdir: linux-64
  build_number: 0
  license: BSD-3-Clause
  license_family: BSD
  size: 485348
  timestamp: 1702833286715
  purls:
  - pkg:pypi/psutil
- platform: linux-64
  name: python
  version: 3.12.1
  category: main
  manager: conda
  dependencies:
  - bzip2 >=1.0.8,<2.0a0
  - ld_impl_linux-64 >=2.36.1
  - libexpat >=2.5.0,<3.0a0
  - libffi >=3.4,<4.0a0
  - libgcc-ng >=12
  - libnsl >=2.0.1,<2.1.0a0
  - libsqlite >=3.44.2,<4.0a0
  - libuuid >=2.38.1,<3.0a0
  - libxcrypt >=4.4.36
  - libzlib >=1.2.13,<1.3.0a0
  - ncurses >=6.4,<7.0a0
  - openssl >=3.2.0,<4.0a0
  - readline >=8.2,<9.0a0
  - tk >=8.6.13,<8.7.0a0
  - tzdata
  - xz >=5.2.6,<6.0a0
  url: https://conda.anaconda.org/conda-forge/linux-64/python-3.12.1-hab00c5b_1_cpython.conda
  hash:
    md5: 0bab699354cbd66959550eb9b9866620
    sha256: d44521b3ffd7edcad75bd55276ae3fb4cb07e63b2aa3545fef62bfda774b8a2b
  build: hab00c5b_1_cpython
  arch: x86_64
  subdir: linux-64
  build_number: 1
  constrains:
  - python_abi 3.12.* *_cp312
  license: Python-2.0
  size: 32286118
  timestamp: 1703320043028
- platform: linux-64
  name: python-dateutil
  version: 2.8.2
  category: main
  manager: conda
  dependencies:
  - python >=3.6
  - six >=1.5
  url: https://conda.anaconda.org/conda-forge/noarch/python-dateutil-2.8.2-pyhd8ed1ab_0.tar.bz2
  hash:
    md5: dd999d1cc9f79e67dbb855c8924c7984
    sha256: 54d7785c7678166aa45adeaccfc1d2b8c3c799ca2dc05d4a82bb39b1968bd7da
  build: pyhd8ed1ab_0
  arch: x86_64
  subdir: linux-64
  build_number: 0
  license: Apache-2.0
  license_family: APACHE
  noarch: python
  size: 245987
  timestamp: 1626286448716
  purls:
  - pkg:pypi/python-dateutil
- platform: linux-64
  name: python-tzdata
  version: '2023.4'
  category: main
  manager: conda
  dependencies:
  - python >=3.6
  url: https://conda.anaconda.org/conda-forge/noarch/python-tzdata-2023.4-pyhd8ed1ab_0.conda
  hash:
    md5: c79cacf8a06a51552fc651652f170208
    sha256: d2381037bf362c78654a8ece0e0f54715e09113448ddd7ed837f688536cbf176
  build: pyhd8ed1ab_0
  arch: x86_64
  subdir: linux-64
  build_number: 0
  license: Apache-2.0
  license_family: APACHE
  noarch: python
  size: 146007
  timestamp: 1703878849208
  purls:
  - pkg:pypi/tzdata
- platform: linux-64
  name: python_abi
  version: '3.12'
  category: main
  manager: conda
  dependencies: []
  url: https://conda.anaconda.org/conda-forge/linux-64/python_abi-3.12-4_cp312.conda
  hash:
    md5: dccc2d142812964fcc6abdc97b672dff
    sha256: 182a329de10a4165f6e8a3804caf751f918f6ea6176dd4e5abcdae1ed3095bf6
  build: 4_cp312
  arch: x86_64
  subdir: linux-64
  build_number: 4
  constrains:
  - python 3.12.* *_cpython
  license: BSD-3-Clause
  license_family: BSD
  size: 6385
  timestamp: 1695147396604
- platform: linux-64
  name: pytz
  version: 2023.3.post1
  category: main
  manager: conda
  dependencies:
  - python >=3.6
  url: https://conda.anaconda.org/conda-forge/noarch/pytz-2023.3.post1-pyhd8ed1ab_0.conda
  hash:
    md5: c93346b446cd08c169d843ae5fc0da97
    sha256: 6b680e63d69aaf087cd43ca765a23838723ef59b0a328799e6363eb13f52c49e
  build: pyhd8ed1ab_0
  arch: x86_64
  subdir: linux-64
  build_number: 0
  license: MIT
  license_family: MIT
  noarch: python
  size: 187454
  timestamp: 1693930444432
  purls:
  - pkg:pypi/pytz
- platform: linux-64
  name: readline
  version: '8.2'
  category: main
  manager: conda
  dependencies:
  - libgcc-ng >=12
  - ncurses >=6.3,<7.0a0
  url: https://conda.anaconda.org/conda-forge/linux-64/readline-8.2-h8228510_1.conda
  hash:
    md5: 47d31b792659ce70f470b5c82fdfb7a4
    sha256: 5435cf39d039387fbdc977b0a762357ea909a7694d9528ab40f005e9208744d7
  build: h8228510_1
  arch: x86_64
  subdir: linux-64
  build_number: 1
  license: GPL-3.0-only
  license_family: GPL
  size: 281456
  timestamp: 1679532220005
- platform: linux-64
  name: referencing
  version: 0.32.1
  category: main
  manager: conda
  dependencies:
  - attrs >=22.2.0
  - python >=3.8
  - rpds-py >=0.7.0
  url: https://conda.anaconda.org/conda-forge/noarch/referencing-0.32.1-pyhd8ed1ab_0.conda
  hash:
    md5: 753a592b4e99d7d2cde6a8fd0797f414
    sha256: 658beff40c6355af0eeec624bbe4e892b4c68c0af2d8ff4c06677e6547140506
  build: pyhd8ed1ab_0
  arch: x86_64
  subdir: linux-64
  build_number: 0
  license: MIT
  license_family: MIT
  noarch: python
  size: 39009
  timestamp: 1704489374195
  purls:
  - pkg:pypi/referencing
- platform: linux-64
  name: rpds-py
  version: 0.16.2
  category: main
  manager: conda
  dependencies:
  - libgcc-ng >=12
  - python >=3.12,<3.13.0a0
  - python_abi 3.12.* *_cp312
  url: https://conda.anaconda.org/conda-forge/linux-64/rpds-py-0.16.2-py312h4b3b743_0.conda
  hash:
    md5: 08f4cfbcfc399da83f8713630c1ba5fa
    sha256: 491455a8c7205d2a9f3382bfbbd084ec41eb50e79f659bef6f9e63311e6ed61c
  build: py312h4b3b743_0
  arch: x86_64
  subdir: linux-64
  build_number: 0
  license: MIT
  license_family: MIT
  size: 998132
  timestamp: 1703822836887
  purls:
  - pkg:pypi/rpds-py
- platform: linux-64
  name: ruff
  version: 0.1.11
  category: main
  manager: conda
  dependencies:
  - libgcc-ng >=12
  - libstdcxx-ng >=12
  - python >=3.12,<3.13.0a0
  - python_abi 3.12.* *_cp312
  url: https://conda.anaconda.org/conda-forge/linux-64/ruff-0.1.11-py312h9118e91_0.conda
  hash:
    md5: f605bdbfa052fbf5acde7b3d56275ae9
    sha256: 5ec8c644511a365cd38e1bcbf9385093908b197dec79c11473e093d99e3e5a74
  build: py312h9118e91_0
  arch: x86_64
  subdir: linux-64
  build_number: 0
  license: MIT
  license_family: MIT
  size: 5492110
  timestamp: 1704292832741
- platform: linux-64
  name: six
  version: 1.16.0
  category: main
  manager: conda
  dependencies:
  - python
  url: https://conda.anaconda.org/conda-forge/noarch/six-1.16.0-pyh6c4a22f_0.tar.bz2
  hash:
    md5: e5f25f8dbc060e9a8d912e432202afc2
    sha256: a85c38227b446f42c5b90d9b642f2c0567880c15d72492d8da074a59c8f91dd6
  build: pyh6c4a22f_0
  arch: x86_64
  subdir: linux-64
  build_number: 0
  license: MIT
  license_family: MIT
  noarch: python
  size: 14259
  timestamp: 1620240338595
  purls:
  - pkg:pypi/six
- platform: linux-64
  name: tk
  version: 8.6.13
  category: main
  manager: conda
  dependencies:
  - libgcc-ng >=12
  - libzlib >=1.2.13,<1.3.0a0
  url: https://conda.anaconda.org/conda-forge/linux-64/tk-8.6.13-noxft_h4845f30_101.conda
  hash:
    md5: d453b98d9c83e71da0741bb0ff4d76bc
    sha256: e0569c9caa68bf476bead1bed3d79650bb080b532c64a4af7d8ca286c08dea4e
  build: noxft_h4845f30_101
  arch: x86_64
  subdir: linux-64
  build_number: 101
  license: TCL
  license_family: BSD
  size: 3318875
  timestamp: 1699202167581
- platform: linux-64
  name: toolz
  version: 0.12.0
  category: main
  manager: conda
  dependencies:
  - python >=3.5
  url: https://conda.anaconda.org/conda-forge/noarch/toolz-0.12.0-pyhd8ed1ab_0.tar.bz2
  hash:
    md5: 92facfec94bc02d6ccf42e7173831a36
    sha256: 90229da7665175b0185183ab7b53f50af487c7f9b0f47cf09c184cbc139fd24b
  build: pyhd8ed1ab_0
  arch: x86_64
  subdir: linux-64
  build_number: 0
  license: BSD-3-Clause
  license_family: BSD
  noarch: python
  size: 49136
  timestamp: 1657485654230
- platform: linux-64
  name: typing-extensions
  version: 4.9.0
  category: main
  manager: conda
  dependencies:
  - typing_extensions 4.9.0 pyha770c72_0
  url: https://conda.anaconda.org/conda-forge/noarch/typing-extensions-4.9.0-hd8ed1ab_0.conda
  hash:
    md5: c16524c1b7227dc80b36b4fa6f77cc86
    sha256: d795c1eb1db4ea147f01ece74e5a504d7c2e8d5ee8c11ec987884967dd938f9c
  build: hd8ed1ab_0
  arch: x86_64
  subdir: linux-64
  build_number: 0
  license: PSF-2.0
  license_family: PSF
  noarch: python
  size: 10191
  timestamp: 1702176301116
- platform: linux-64
  name: typing_extensions
  version: 4.9.0
  category: main
  manager: conda
  dependencies:
  - python >=3.8
  url: https://conda.anaconda.org/conda-forge/noarch/typing_extensions-4.9.0-pyha770c72_0.conda
  hash:
    md5: a92a6440c3fe7052d63244f3aba2a4a7
    sha256: f3c5be8673bfd905c4665efcb27fa50192f24f84fa8eff2f19cba5d09753d905
  build: pyha770c72_0
  arch: x86_64
  subdir: linux-64
  build_number: 0
  license: PSF-2.0
  license_family: PSF
  noarch: python
  size: 36058
  timestamp: 1702176292645
  purls:
  - pkg:pypi/typing-extensions
- platform: linux-64
  name: tzdata
  version: 2023d
  category: main
  manager: conda
  dependencies: []
  url: https://conda.anaconda.org/conda-forge/noarch/tzdata-2023d-h0c530f3_0.conda
  hash:
    md5: 8dee24b8be2d9ff81e7bd4d7d97ff1b0
    sha256: 04f2ab3e36f2015841551415bf16bf62933bd94b7085d4be5493b388e95a9c3d
  build: h0c530f3_0
  arch: x86_64
  subdir: linux-64
  build_number: 0
  license: LicenseRef-Public-Domain
  noarch: generic
  size: 119639
  timestamp: 1703250910370
- platform: linux-64
  name: xz
  version: 5.2.6
  category: main
  manager: conda
  dependencies:
  - libgcc-ng >=12
  url: https://conda.anaconda.org/conda-forge/linux-64/xz-5.2.6-h166bdaf_0.tar.bz2
  hash:
    md5: 2161070d867d1b1204ea749c8eec4ef0
    sha256: 03a6d28ded42af8a347345f82f3eebdd6807a08526d47899a42d62d319609162
  build: h166bdaf_0
  arch: x86_64
  subdir: linux-64
  build_number: 0
  license: LGPL-2.1 and GPL-2.0
  size: 418368
  timestamp: 1660346797927
- platform: linux-64
  name: zipp
  version: 3.17.0
  category: main
  manager: conda
  dependencies:
  - python >=3.8
  url: https://conda.anaconda.org/conda-forge/noarch/zipp-3.17.0-pyhd8ed1ab_0.conda
  hash:
    md5: 2e4d6bc0b14e10f895fc6791a7d9b26a
    sha256: bced1423fdbf77bca0a735187d05d9b9812d2163f60ab426fc10f11f92ecbe26
  build: pyhd8ed1ab_0
  arch: x86_64
  subdir: linux-64
  build_number: 0
  license: MIT
  license_family: MIT
  noarch: python
  size: 18954
  timestamp: 1695255262261
  purls:
  - pkg:pypi/zipp
